
Microsoft Visual Studio Solution File, Format Version 12.00
# Visual Studio Version 17
VisualStudioVersion = 17.10.35013.160
MinimumVisualStudioVersion = 10.0.40219.1
Project("{00000000-0000-0000-0000-000000000000}") = "QuizApp.Core", "QuizApp\Core\QuizApp.Core.csproj", "{8406DDFC-68C8-4376-9AB3-F3072C036358}"
EndProject
Project("{00000000-0000-0000-0000-000000000000}") = "QuizApp.Infrastructure", "QuizApp\QuizApp.Infrastructure.csproj", "{AA0A3437-08BB-4126-815D-4323BA0DD435}"
EndProject
Project("{00000000-0000-0000-0000-000000000000}") = "QuizApp.Tests", "QuizApp\QuizApp.Tests.csproj", "{5661992E-F288-4AA4-B78F-9AD47E13F608}"
EndProject
Project("{00000000-0000-0000-0000-000000000000}") = "QuizApp.API", "QuizApp\API\QuizApp.API.csproj", "{8C0AC6E1-9FD6-4351-810A-8A8C96E08420}"
EndProject
Project("{9A19103F-16F7-4668-BE54-9A1E7A4F7556}") = "QuizApp", "QuizApp\QuizApp.csproj", "{A9C26BAB-B820-4CB9-AE0E-0DE0614CB752}"
EndProject
Global
	GlobalSection(SolutionConfigurationPlatforms) = preSolution
		Debug|Any CPU = Debug|Any CPU
		Release|Any CPU = Release|Any CPU
	EndGlobalSection
	GlobalSection(ProjectConfigurationPlatforms) = postSolution
		{A9C26BAB-B820-4CB9-AE0E-0DE0614CB752}.Debug|Any CPU.ActiveCfg = Debug|Any CPU
		{A9C26BAB-B820-4CB9-AE0E-0DE0614CB752}.Debug|Any CPU.Build.0 = Debug|Any CPU
		{A9C26BAB-B820-4CB9-AE0E-0DE0614CB752}.Release|Any CPU.ActiveCfg = Release|Any CPU
		{A9C26BAB-B820-4CB9-AE0E-0DE0614CB752}.Release|Any CPU.Build.0 = Release|Any CPU
	EndGlobalSection
	GlobalSection(SolutionProperties) = preSolution
		HideSolutionNode = FALSE
	EndGlobalSection
EndGlobal
