
Microsoft Visual Studio Solution File, Format Version 12.00
# Visual Studio Version 17
VisualStudioVersion = 17.8.34330.188
MinimumVisualStudioVersion = 10.0.40219.1
Project("{FAE04EC0-301F-11D3-BF4B-00C04F79EFBC}") = "EF", "EF\EF.csproj", "{38E33FD5-D298-4555-B65A-0FAA61B0DDC5}"
EndProject
Project("{FAE04EC0-301F-11D3-BF4B-00C04F79EFBC}") = "EFCrud", "EFCrud\EFCrud.csproj", "{B6C406BD-8B77-4FDB-8DDE-200C372C61CA}"
EndProject
Global
	GlobalSection(SolutionConfigurationPlatforms) = preSolution
		Debug|Any CPU = Debug|Any CPU
		Release|Any CPU = Release|Any CPU
	EndGlobalSection
	GlobalSection(ProjectConfigurationPlatforms) = postSolution
		{38E33FD5-D298-4555-B65A-0FAA61B0DDC5}.Debug|Any CPU.ActiveCfg = Debug|Any CPU
		{38E33FD5-D298-4555-B65A-0FAA61B0DDC5}.Debug|Any CPU.Build.0 = Debug|Any CPU
		{38E33FD5-D298-4555-B65A-0FAA61B0DDC5}.Release|Any CPU.ActiveCfg = Release|Any CPU
		{38E33FD5-D298-4555-B65A-0FAA61B0DDC5}.Release|Any CPU.Build.0 = Release|Any CPU
		{B6C406BD-8B77-4FDB-8DDE-200C372C61CA}.Debug|Any CPU.ActiveCfg = Debug|Any CPU
		{B6C406BD-8B77-4FDB-8DDE-200C372C61CA}.Debug|Any CPU.Build.0 = Debug|Any CPU
		{B6C406BD-8B77-4FDB-8DDE-200C372C61CA}.Release|Any CPU.ActiveCfg = Release|Any CPU
		{B6C406BD-8B77-4FDB-8DDE-200C372C61CA}.Release|Any CPU.Build.0 = Release|Any CPU
	EndGlobalSection
	GlobalSection(SolutionProperties) = preSolution
		HideSolutionNode = FALSE
	EndGlobalSection
	GlobalSection(ExtensibilityGlobals) = postSolution
		SolutionGuid = {DD75123C-EA1C-4B85-B038-A9495AE01609}
	EndGlobalSection
EndGlobal
